
Microsoft Visual Studio Solution File, Format Version 12.00
# Visual Studio Version 17
VisualStudioVersion = 17.11.35312.102
MinimumVisualStudioVersion = 10.0.40219.1
Project("{9A19103F-16F7-4668-BE54-9A1E7A4F7556}") = "ShopThoiTrang", "ShopThoiTrang.csproj", "{17D50BFF-DFF4-4492-83FD-B1BD0AB463A4}"
EndProject
Global
	GlobalSection(SolutionConfigurationPlatforms) = preSolution
		Debug|Any CPU = Debug|Any CPU
		Release|Any CPU = Release|Any CPU
	EndGlobalSection
	GlobalSection(ProjectConfigurationPlatforms) = postSolution
		{17D50BFF-DFF4-4492-83FD-B1BD0AB463A4}.Debug|Any CPU.ActiveCfg = Debug|Any CPU
		{17D50BFF-DFF4-4492-83FD-B1BD0AB463A4}.Debug|Any CPU.Build.0 = Debug|Any CPU
		{17D50BFF-DFF4-4492-83FD-B1BD0AB463A4}.Release|Any CPU.ActiveCfg = Release|Any CPU
		{17D50BFF-DFF4-4492-83FD-B1BD0AB463A4}.Release|Any CPU.Build.0 = Release|Any CPU
	EndGlobalSection
	GlobalSection(SolutionProperties) = preSolution
		HideSolutionNode = FALSE
	EndGlobalSection
	GlobalSection(ExtensibilityGlobals) = postSolution
		SolutionGuid = {B389444D-6F33-46D7-B54D-E52582ABBE94}
	EndGlobalSection
EndGlobal
